
Microsoft Visual Studio Solution File, Format Version 12.00
# Visual Studio 15
VisualStudioVersion = 15.0.28307.1433
MinimumVisualStudioVersion = 10.0.40219.1
Project("{8BC9CEB8-8B4A-11D0-8D11-00A0C91BC942}") = "SynchronizationOfThreadsMFCv2", "SynchronizationOfThreadsMFCv2\SynchronizationOfThreadsMFCv2.vcxproj", "{AB7EE030-0D04-45E0-A0C4-AD3D9F2EC92D}"
EndProject
Global
	GlobalSection(SolutionConfigurationPlatforms) = preSolution
		Debug|x64 = Debug|x64
		Debug|x86 = Debug|x86
		Release|x64 = Release|x64
		Release|x86 = Release|x86
	EndGlobalSection
	GlobalSection(ProjectConfigurationPlatforms) = postSolution
		{AB7EE030-0D04-45E0-A0C4-AD3D9F2EC92D}.Debug|x64.ActiveCfg = Debug|x64
		{AB7EE030-0D04-45E0-A0C4-AD3D9F2EC92D}.Debug|x64.Build.0 = Debug|x64
		{AB7EE030-0D04-45E0-A0C4-AD3D9F2EC92D}.Debug|x86.ActiveCfg = Debug|Win32
		{AB7EE030-0D04-45E0-A0C4-AD3D9F2EC92D}.Debug|x86.Build.0 = Debug|Win32
		{AB7EE030-0D04-45E0-A0C4-AD3D9F2EC92D}.Release|x64.ActiveCfg = Release|x64
		{AB7EE030-0D04-45E0-A0C4-AD3D9F2EC92D}.Release|x64.Build.0 = Release|x64
		{AB7EE030-0D04-45E0-A0C4-AD3D9F2EC92D}.Release|x86.ActiveCfg = Release|Win32
		{AB7EE030-0D04-45E0-A0C4-AD3D9F2EC92D}.Release|x86.Build.0 = Release|Win32
	EndGlobalSection
	GlobalSection(SolutionProperties) = preSolution
		HideSolutionNode = FALSE
	EndGlobalSection
	GlobalSection(ExtensibilityGlobals) = postSolution
		SolutionGuid = {1BC0680D-5B8E-472B-94F2-D125EBBF949A}
	EndGlobalSection
EndGlobal
